# This file was autogenerated by Stack.
# You should not edit this file by hand.
# For more information, please see the documentation at:
#   https://docs.haskellstack.org/en/stable/lock_files

packages: []
snapshots:
- completed:
    size: 508406
    url: https://raw.githubusercontent.com/commercialhaskell/stackage-snapshots/master/lts/12/21.yaml
    sha256: 609dd00c32f59e11bb333b9113d9d2e54269627de1268cbb3cc576af8c7b6237
  original: lts-12.21
